
Microsoft Visual Studio Solution File, Format Version 12.00
# Visual Studio Version 17
VisualStudioVersion = 17.14.36414.22 d17.14
MinimumVisualStudioVersion = 10.0.40219.1
Project("{FAE04EC0-301F-11D3-BF4B-00C04F79EFBC}") = "AudioPlayer", "AudioPlayer.csproj", "{52B2DC5B-03D0-4A77-AE37-09BA2A9967A5}"
EndProject
Global
	GlobalSection(SolutionConfigurationPlatforms) = preSolution
		Debug|Any CPU = Debug|Any CPU
		Release|Any CPU = Release|Any CPU
	EndGlobalSection
	GlobalSection(ProjectConfigurationPlatforms) = postSolution
		{52B2DC5B-03D0-4A77-AE37-09BA2A9967A5}.Debug|Any CPU.ActiveCfg = Debug|Any CPU
		{52B2DC5B-03D0-4A77-AE37-09BA2A9967A5}.Debug|Any CPU.Build.0 = Debug|Any CPU
		{52B2DC5B-03D0-4A77-AE37-09BA2A9967A5}.Debug|Any CPU.Deploy.0 = Debug|Any CPU
		{52B2DC5B-03D0-4A77-AE37-09BA2A9967A5}.Release|Any CPU.ActiveCfg = Release|Any CPU
		{52B2DC5B-03D0-4A77-AE37-09BA2A9967A5}.Release|Any CPU.Build.0 = Release|Any CPU
		{52B2DC5B-03D0-4A77-AE37-09BA2A9967A5}.Release|Any CPU.Deploy.0 = Release|Any CPU
	EndGlobalSection
	GlobalSection(SolutionProperties) = preSolution
		HideSolutionNode = FALSE
	EndGlobalSection
	GlobalSection(ExtensibilityGlobals) = postSolution
		SolutionGuid = {F5A95893-7222-4990-9712-111098D240D7}
	EndGlobalSection
EndGlobal
